// !$*UTF8*$!
{
	archiveVersion = 1;
	classes = {
	};
	objectVersion = 50;
	objects = {

/* Begin PBXBuildFile section */
		16086B0D229F8229001431D4 /* AppDelegate.m in Sources */ = {isa = PBXBuildFile; fileRef = 16086B0C229F8229001431D4 /* AppDelegate.m */; };
		16086B10229F8229001431D4 /* ViewController.m in Sources */ = {isa = PBXBuildFile; fileRef = 16086B0F229F8229001431D4 /* ViewController.m */; };
		16086B13229F8229001431D4 /* Main.storyboard in Resources */ = {isa = PBXBuildFile; fileRef = 16086B11229F8229001431D4 /* Main.storyboard */; };
		16086B15229F822B001431D4 /* Assets.xcassets in Resources */ = {isa = PBXBuildFile; fileRef = 16086B14229F822B001431D4 /* Assets.xcassets */; };
		16086B18229F822B001431D4 /* LaunchScreen.storyboard in Resources */ = {isa = PBXBuildFile; fileRef = 16086B16229F822B001431D4 /* LaunchScreen.storyboard */; };
		16086B1B229F822B001431D4 /* main.m in Sources */ = {isa = PBXBuildFile; fileRef = 16086B1A229F822B001431D4 /* main.m */; };
		16086B25229F822B001431D4 /* SimpleTableViewControllerTests.m in Sources */ = {isa = PBXBuildFile; fileRef = 16086B24229F822B001431D4 /* SimpleTableViewControllerTests.m */; };
		16086B30229F822B001431D4 /* SimpleTableViewControllerUITests.m in Sources */ = {isa = PBXBuildFile; fileRef = 16086B2F229F822B001431D4 /* SimpleTableViewControllerUITests.m */; };
		16086B44229F82A6001431D4 /* MainView.m in Sources */ = {isa = PBXBuildFile; fileRef = 16086B43229F82A6001431D4 /* MainView.m */; };
		16086B47229F86DE001431D4 /* MainViewModel.m in Sources */ = {isa = PBXBuildFile; fileRef = 16086B46229F86DE001431D4 /* MainViewModel.m */; };
		16086B4A229F8BBB001431D4 /* MainTableViewCell.m in Sources */ = {isa = PBXBuildFile; fileRef = 16086B49229F8BBA001431D4 /* MainTableViewCell.m */; };
		16086B4D229FA966001431D4 /* MainTableModel.m in Sources */ = {isa = PBXBuildFile; fileRef = 16086B4C229FA966001431D4 /* MainTableModel.m */; };
		16086B4F229FAC54001431D4 /* CoreGraphics.framework in Frameworks */ = {isa = PBXBuildFile; fileRef = 16086B4E229FAC54001431D4 /* CoreGraphics.framework */; };
		16D6E38F22A8AC9B00ECC0D6 /* UIView+Category.m in Sources */ = {isa = PBXBuildFile; fileRef = 16D6E38E22A8AC9B00ECC0D6 /* UIView+Category.m */; };
		16D6E39222A8B12200ECC0D6 /* UIButton+Category.m in Sources */ = {isa = PBXBuildFile; fileRef = 16D6E39022A8B12200ECC0D6 /* UIButton+Category.m */; };
		16D6E39522A8B58600ECC0D6 /* MainTableContentCell.m in Sources */ = {isa = PBXBuildFile; fileRef = 16D6E39422A8B58600ECC0D6 /* MainTableContentCell.m */; };
		16D6E39822A8B88F00ECC0D6 /* BaseTableViewCell.m in Sources */ = {isa = PBXBuildFile; fileRef = 16D6E39722A8B88F00ECC0D6 /* BaseTableViewCell.m */; };
		D0D546278A746B5A6405D294 /* libPods-SimpleTableViewController.a in Frameworks */ = {isa = PBXBuildFile; fileRef = 3FEC1948C5DB1E9465A80A26 /* libPods-SimpleTableViewController.a */; };
/* End PBXBuildFile section */

/* Begin PBXContainerItemProxy section */
		16086B21229F822B001431D4 /* PBXContainerItemProxy */ = {
			isa = PBXContainerItemProxy;
			containerPortal = 16086B00229F8229001431D4 /* Project object */;
			proxyType = 1;
			remoteGlobalIDString = 16086B07229F8229001431D4;
			remoteInfo = SimpleTableViewController;
		};
		16086B2C229F822B001431D4 /* PBXContainerItemProxy */ = {
			isa = PBXContainerItemProxy;
			containerPortal = 16086B00229F8229001431D4 /* Project object */;
			proxyType = 1;
			remoteGlobalIDString = 16086B07229F8229001431D4;
			remoteInfo = SimpleTableViewController;
		};
/* End PBXContainerItemProxy section */

/* Begin PBXFileReference section */
		16086B08229F8229001431D4 /* SimpleTableViewController.app */ = {isa = PBXFileReference; explicitFileType = wrapper.application; includeInIndex = 0; path = SimpleTableViewController.app; sourceTree = BUILT_PRODUCTS_DIR; };
		16086B0B229F8229001431D4 /* AppDelegate.h */ = {isa = PBXFileReference; lastKnownFileType = sourcecode.c.h; path = AppDelegate.h; sourceTree = "<group>"; };
		16086B0C229F8229001431D4 /* AppDelegate.m */ = {isa = PBXFileReference; lastKnownFileType = sourcecode.c.objc; path = AppDelegate.m; sourceTree = "<group>"; };
		16086B0E229F8229001431D4 /* ViewController.h */ = {isa = PBXFileReference; lastKnownFileType = sourcecode.c.h; path = ViewController.h; sourceTree = "<group>"; };
		16086B0F229F8229001431D4 /* ViewController.m */ = {isa = PBXFileReference; lastKnownFileType = sourcecode.c.objc; path = ViewController.m; sourceTree = "<group>"; };
		16086B12229F8229001431D4 /* Base */ = {isa = PBXFileReference; lastKnownFileType = file.storyboard; name = Base; path = Base.lproj/Main.storyboard; sourceTree = "<group>"; };
		16086B14229F822B001431D4 /* Assets.xcassets */ = {isa = PBXFileReference; lastKnownFileType = folder.assetcatalog; path = Assets.xcassets; sourceTree = "<group>"; };
		16086B17229F822B001431D4 /* Base */ = {isa = PBXFileReference; lastKnownFileType = file.storyboard; name = Base; path = Base.lproj/LaunchScreen.storyboard; sourceTree = "<group>"; };
		16086B19229F822B001431D4 /* Info.plist */ = {isa = PBXFileReference; lastKnownFileType = text.plist.xml; path = Info.plist; sourceTree = "<group>"; };
		16086B1A229F822B001431D4 /* main.m */ = {isa = PBXFileReference; lastKnownFileType = sourcecode.c.objc; path = main.m; sourceTree = "<group>"; };
		16086B20229F822B001431D4 /* SimpleTableViewControllerTests.xctest */ = {isa = PBXFileReference; explicitFileType = wrapper.cfbundle; includeInIndex = 0; path = SimpleTableViewControllerTests.xctest; sourceTree = BUILT_PRODUCTS_DIR; };
		16086B24229F822B001431D4 /* SimpleTableViewControllerTests.m */ = {isa = PBXFileReference; lastKnownFileType = sourcecode.c.objc; path = SimpleTableViewControllerTests.m; sourceTree = "<group>"; };
		16086B26229F822B001431D4 /* Info.plist */ = {isa = PBXFileReference; lastKnownFileType = text.plist.xml; path = Info.plist; sourceTree = "<group>"; };
		16086B2B229F822B001431D4 /* SimpleTableViewControllerUITests.xctest */ = {isa = PBXFileReference; explicitFileType = wrapper.cfbundle; includeInIndex = 0; path = SimpleTableViewControllerUITests.xctest; sourceTree = BUILT_PRODUCTS_DIR; };
		16086B2F229F822B001431D4 /* SimpleTableViewControllerUITests.m */ = {isa = PBXFileReference; lastKnownFileType = sourcecode.c.objc; path = SimpleTableViewControllerUITests.m; sourceTree = "<group>"; };
		16086B31229F822B001431D4 /* Info.plist */ = {isa = PBXFileReference; lastKnownFileType = text.plist.xml; path = Info.plist; sourceTree = "<group>"; };
		16086B42229F82A6001431D4 /* MainView.h */ = {isa = PBXFileReference; lastKnownFileType = sourcecode.c.h; path = MainView.h; sourceTree = "<group>"; };
		16086B43229F82A6001431D4 /* MainView.m */ = {isa = PBXFileReference; lastKnownFileType = sourcecode.c.objc; path = MainView.m; sourceTree = "<group>"; };
		16086B45229F86DE001431D4 /* MainViewModel.h */ = {isa = PBXFileReference; lastKnownFileType = sourcecode.c.h; path = MainViewModel.h; sourceTree = "<group>"; };
		16086B46229F86DE001431D4 /* MainViewModel.m */ = {isa = PBXFileReference; lastKnownFileType = sourcecode.c.objc; path = MainViewModel.m; sourceTree = "<group>"; };
		16086B48229F8BBA001431D4 /* MainTableViewCell.h */ = {isa = PBXFileReference; lastKnownFileType = sourcecode.c.h; path = MainTableViewCell.h; sourceTree = "<group>"; };
		16086B49229F8BBA001431D4 /* MainTableViewCell.m */ = {isa = PBXFileReference; lastKnownFileType = sourcecode.c.objc; path = MainTableViewCell.m; sourceTree = "<group>"; };
		16086B4B229FA966001431D4 /* MainTableModel.h */ = {isa = PBXFileReference; lastKnownFileType = sourcecode.c.h; path = MainTableModel.h; sourceTree = "<group>"; };
		16086B4C229FA966001431D4 /* MainTableModel.m */ = {isa = PBXFileReference; lastKnownFileType = sourcecode.c.objc; path = MainTableModel.m; sourceTree = "<group>"; };
		16086B4E229FAC54001431D4 /* CoreGraphics.framework */ = {isa = PBXFileReference; lastKnownFileType = wrapper.framework; name = CoreGraphics.framework; path = System/Library/Frameworks/CoreGraphics.framework; sourceTree = SDKROOT; };
		16D6E38A22A8AB8600ECC0D6 /* PrefixHeader.pch */ = {isa = PBXFileReference; lastKnownFileType = sourcecode.c.h; path = PrefixHeader.pch; sourceTree = "<group>"; };
		16D6E38D22A8AC9B00ECC0D6 /* UIView+Category.h */ = {isa = PBXFileReference; lastKnownFileType = sourcecode.c.h; path = "UIView+Category.h"; sourceTree = "<group>"; };
		16D6E38E22A8AC9B00ECC0D6 /* UIView+Category.m */ = {isa = PBXFileReference; lastKnownFileType = sourcecode.c.objc; path = "UIView+Category.m"; sourceTree = "<group>"; };
		16D6E39022A8B12200ECC0D6 /* UIButton+Category.m */ = {isa = PBXFileReference; fileEncoding = 4; lastKnownFileType = sourcecode.c.objc; path = "UIButton+Category.m"; sourceTree = "<group>"; };
		16D6E39122A8B12200ECC0D6 /* UIButton+Category.h */ = {isa = PBXFileReference; fileEncoding = 4; lastKnownFileType = sourcecode.c.h; path = "UIButton+Category.h"; sourceTree = "<group>"; };
		16D6E39322A8B58600ECC0D6 /* MainTableContentCell.h */ = {isa = PBXFileReference; lastKnownFileType = sourcecode.c.h; path = MainTableContentCell.h; sourceTree = "<group>"; };
		16D6E39422A8B58600ECC0D6 /* MainTableContentCell.m */ = {isa = PBXFileReference; lastKnownFileType = sourcecode.c.objc; path = MainTableContentCell.m; sourceTree = "<group>"; };
		16D6E39622A8B88E00ECC0D6 /* BaseTableViewCell.h */ = {isa = PBXFileReference; fileEncoding = 4; lastKnownFileType = sourcecode.c.h; path = BaseTableViewCell.h; sourceTree = "<group>"; };
		16D6E39722A8B88F00ECC0D6 /* BaseTableViewCell.m */ = {isa = PBXFileReference; fileEncoding = 4; lastKnownFileType = sourcecode.c.objc; path = BaseTableViewCell.m; sourceTree = "<group>"; };
		3FEC1948C5DB1E9465A80A26 /* libPods-SimpleTableViewController.a */ = {isa = PBXFileReference; explicitFileType = archive.ar; includeInIndex = 0; path = "libPods-SimpleTableViewController.a"; sourceTree = BUILT_PRODUCTS_DIR; };
		6C4668E1EC5E74C1348E88D4 /* Pods-SimpleTableViewController.debug.xcconfig */ = {isa = PBXFileReference; includeInIndex = 1; lastKnownFileType = text.xcconfig; name = "Pods-SimpleTableViewController.debug.xcconfig"; path = "Pods/Target Support Files/Pods-SimpleTableViewController/Pods-SimpleTableViewController.debug.xcconfig"; sourceTree = "<group>"; };
		A0603C058A3F2322F402E821 /* Pods-SimpleTableViewController.release.xcconfig */ = {isa = PBXFileReference; includeInIndex = 1; lastKnownFileType = text.xcconfig; name = "Pods-SimpleTableViewController.release.xcconfig"; path = "Pods/Target Support Files/Pods-SimpleTableViewController/Pods-SimpleTableViewController.release.xcconfig"; sourceTree = "<group>"; };
/* End PBXFileReference section */

/* Begin PBXFrameworksBuildPhase section */
		16086B05229F8229001431D4 /* Frameworks */ = {
			isa = PBXFrameworksBuildPhase;
			buildActionMask = 2147483647;
			files = (
				16086B4F229FAC54001431D4 /* CoreGraphics.framework in Frameworks */,
				D0D546278A746B5A6405D294 /* libPods-SimpleTableViewController.a in Frameworks */,
			);
			runOnlyForDeploymentPostprocessing = 0;
		};
		16086B1D229F822B001431D4 /* Frameworks */ = {
			isa = PBXFrameworksBuildPhase;
			buildActionMask = 2147483647;
			files = (
			);
			runOnlyForDeploymentPostprocessing = 0;
		};
		16086B28229F822B001431D4 /* Frameworks */ = {
			isa = PBXFrameworksBuildPhase;
			buildActionMask = 2147483647;
			files = (
			);
			runOnlyForDeploymentPostprocessing = 0;
		};
/* End PBXFrameworksBuildPhase section */

/* Begin PBXGroup section */
		16086AFF229F8229001431D4 = {
			isa = PBXGroup;
			children = (
				16086B0A229F8229001431D4 /* SimpleTableViewController */,
				16086B23229F822B001431D4 /* SimpleTableViewControllerTests */,
				16086B2E229F822B001431D4 /* SimpleTableViewControllerUITests */,
				16086B09229F8229001431D4 /* Products */,
				7906C53FB3AB8F8EAA19EC38 /* Pods */,
				86CB5B982519C059F8A1B932 /* Frameworks */,
			);
			sourceTree = "<group>";
		};
		16086B09229F8229001431D4 /* Products */ = {
			isa = PBXGroup;
			children = (
				16086B08229F8229001431D4 /* SimpleTableViewController.app */,
				16086B20229F822B001431D4 /* SimpleTableViewControllerTests.xctest */,
				16086B2B229F822B001431D4 /* SimpleTableViewControllerUITests.xctest */,
			);
			name = Products;
			sourceTree = "<group>";
		};
		16086B0A229F8229001431D4 /* SimpleTableViewController */ = {
			isa = PBXGroup;
			children = (
				16D6E38B22A8AC6F00ECC0D6 /* Common */,
				16D6E38922A8AB6D00ECC0D6 /* Main */,
				16086B3D229F8259001431D4 /* Class */,
				16086B11229F8229001431D4 /* Main.storyboard */,
				16086B14229F822B001431D4 /* Assets.xcassets */,
				16086B16229F822B001431D4 /* LaunchScreen.storyboard */,
				16086B19229F822B001431D4 /* Info.plist */,
				16086B1A229F822B001431D4 /* main.m */,
			);
			path = SimpleTableViewController;
			sourceTree = "<group>";
		};
		16086B23229F822B001431D4 /* SimpleTableViewControllerTests */ = {
			isa = PBXGroup;
			children = (
				16086B24229F822B001431D4 /* SimpleTableViewControllerTests.m */,
				16086B26229F822B001431D4 /* Info.plist */,
			);
			path = SimpleTableViewControllerTests;
			sourceTree = "<group>";
		};
		16086B2E229F822B001431D4 /* SimpleTableViewControllerUITests */ = {
			isa = PBXGroup;
			children = (
				16086B2F229F822B001431D4 /* SimpleTableViewControllerUITests.m */,
				16086B31229F822B001431D4 /* Info.plist */,
			);
			path = SimpleTableViewControllerUITests;
			sourceTree = "<group>";
		};
		16086B3D229F8259001431D4 /* Class */ = {
			isa = PBXGroup;
			children = (
				16086B41229F827F001431D4 /* Model */,
				16086B40229F8278001431D4 /* ViewModel */,
				16086B3F229F8272001431D4 /* View */,
				16086B3E229F8267001431D4 /* Controller */,
			);
			path = Class;
			sourceTree = "<group>";
		};
		16086B3E229F8267001431D4 /* Controller */ = {
			isa = PBXGroup;
			children = (
				16086B0E229F8229001431D4 /* ViewController.h */,
				16086B0F229F8229001431D4 /* ViewController.m */,
			);
			path = Controller;
			sourceTree = "<group>";
		};
		16086B3F229F8272001431D4 /* View */ = {
			isa = PBXGroup;
			children = (
				16D6E39622A8B88E00ECC0D6 /* BaseTableViewCell.h */,
				16D6E39722A8B88F00ECC0D6 /* BaseTableViewCell.m */,
				16086B42229F82A6001431D4 /* MainView.h */,
				16086B43229F82A6001431D4 /* MainView.m */,
				16086B48229F8BBA001431D4 /* MainTableViewCell.h */,
				16086B49229F8BBA001431D4 /* MainTableViewCell.m */,
				16D6E39322A8B58600ECC0D6 /* MainTableContentCell.h */,
				16D6E39422A8B58600ECC0D6 /* MainTableContentCell.m */,
			);
			path = View;
			sourceTree = "<group>";
		};
		16086B40229F8278001431D4 /* ViewModel */ = {
			isa = PBXGroup;
			children = (
				16086B45229F86DE001431D4 /* MainViewModel.h */,
				16086B46229F86DE001431D4 /* MainViewModel.m */,
			);
			path = ViewModel;
			sourceTree = "<group>";
		};
		16086B41229F827F001431D4 /* Model */ = {
			isa = PBXGroup;
			children = (
				16086B4B229FA966001431D4 /* MainTableModel.h */,
				16086B4C229FA966001431D4 /* MainTableModel.m */,
			);
			path = Model;
			sourceTree = "<group>";
		};
		16D6E38922A8AB6D00ECC0D6 /* Main */ = {
			isa = PBXGroup;
			children = (
				16086B0B229F8229001431D4 /* AppDelegate.h */,
				16086B0C229F8229001431D4 /* AppDelegate.m */,
				16D6E38A22A8AB8600ECC0D6 /* PrefixHeader.pch */,
			);
			path = Main;
			sourceTree = "<group>";
		};
		16D6E38B22A8AC6F00ECC0D6 /* Common */ = {
			isa = PBXGroup;
			children = (
				16D6E38C22A8AC7A00ECC0D6 /* Category */,
			);
			path = Common;
			sourceTree = "<group>";
		};
		16D6E38C22A8AC7A00ECC0D6 /* Category */ = {
			isa = PBXGroup;
			children = (
				16D6E39122A8B12200ECC0D6 /* UIButton+Category.h */,
				16D6E39022A8B12200ECC0D6 /* UIButton+Category.m */,
				16D6E38D22A8AC9B00ECC0D6 /* UIView+Category.h */,
				16D6E38E22A8AC9B00ECC0D6 /* UIView+Category.m */,
			);
			path = Category;
			sourceTree = "<group>";
		};
		7906C53FB3AB8F8EAA19EC38 /* Pods */ = {
			isa = PBXGroup;
			children = (
				6C4668E1EC5E74C1348E88D4 /* Pods-SimpleTableViewController.debug.xcconfig */,
				A0603C058A3F2322F402E821 /* Pods-SimpleTableViewController.release.xcconfig */,
			);
			name = Pods;
			sourceTree = "<group>";
		};
		86CB5B982519C059F8A1B932 /* Frameworks */ = {
			isa = PBXGroup;
			children = (
				16086B4E229FAC54001431D4 /* CoreGraphics.framework */,
				3FEC1948C5DB1E9465A80A26 /* libPods-SimpleTableViewController.a */,
			);
			name = Frameworks;
			sourceTree = "<group>";
		};
/* End PBXGroup section */

/* Begin PBXNativeTarget section */
		16086B07229F8229001431D4 /* SimpleTableViewController */ = {
			isa = PBXNativeTarget;
			buildConfigurationList = 16086B34229F822B001431D4 /* Build configuration list for PBXNativeTarget "SimpleTableViewController" */;
			buildPhases = (
				5A2DF608B9066F340152D8BB /* [CP] Check Pods Manifest.lock */,
				16086B04229F8229001431D4 /* Sources */,
				16086B05229F8229001431D4 /* Frameworks */,
				16086B06229F8229001431D4 /* Resources */,
			);
			buildRules = (
			);
			dependencies = (
			);
			name = SimpleTableViewController;
			productName = SimpleTableViewController;
			productReference = 16086B08229F8229001431D4 /* SimpleTableViewController.app */;
			productType = "com.apple.product-type.application";
		};
		16086B1F229F822B001431D4 /* SimpleTableViewControllerTests */ = {
			isa = PBXNativeTarget;
			buildConfigurationList = 16086B37229F822B001431D4 /* Build configuration list for PBXNativeTarget "SimpleTableViewControllerTests" */;
			buildPhases = (
				16086B1C229F822B001431D4 /* Sources */,
				16086B1D229F822B001431D4 /* Frameworks */,
				16086B1E229F822B001431D4 /* Resources */,
			);
			buildRules = (
			);
			dependencies = (
				16086B22229F822B001431D4 /* PBXTargetDependency */,
			);
			name = SimpleTableViewControllerTests;
			productName = SimpleTableViewControllerTests;
			productReference = 16086B20229F822B001431D4 /* SimpleTableViewControllerTests.xctest */;
			productType = "com.apple.product-type.bundle.unit-test";
		};
		16086B2A229F822B001431D4 /* SimpleTableViewControllerUITests */ = {
			isa = PBXNativeTarget;
			buildConfigurationList = 16086B3A229F822B001431D4 /* Build configuration list for PBXNativeTarget "SimpleTableViewControllerUITests" */;
			buildPhases = (
				16086B27229F822B001431D4 /* Sources */,
				16086B28229F822B001431D4 /* Frameworks */,
				16086B29229F822B001431D4 /* Resources */,
			);
			buildRules = (
			);
			dependencies = (
				16086B2D229F822B001431D4 /* PBXTargetDependency */,
			);
			name = SimpleTableViewControllerUITests;
			productName = SimpleTableViewControllerUITests;
			productReference = 16086B2B229F822B001431D4 /* SimpleTableViewControllerUITests.xctest */;
			productType = "com.apple.product-type.bundle.ui-testing";
		};
/* End PBXNativeTarget section */

/* Begin PBXProject section */
		16086B00229F8229001431D4 /* Project object */ = {
			isa = PBXProject;
			attributes = {
				LastUpgradeCheck = 1020;
				ORGANIZATIONNAME = "吴紫颖";
				TargetAttributes = {
					16086B07229F8229001431D4 = {
						CreatedOnToolsVersion = 10.2.1;
					};
					16086B1F229F822B001431D4 = {
						CreatedOnToolsVersion = 10.2.1;
						TestTargetID = 16086B07229F8229001431D4;
					};
					16086B2A229F822B001431D4 = {
						CreatedOnToolsVersion = 10.2.1;
						TestTargetID = 16086B07229F8229001431D4;
					};
				};
			};
			buildConfigurationList = 16086B03229F8229001431D4 /* Build configuration list for PBXProject "SimpleTableViewController" */;
			compatibilityVersion = "Xcode 9.3";
			developmentRegion = en;
			hasScannedForEncodings = 0;
			knownRegions = (
				en,
				Base,
			);
			mainGroup = 16086AFF229F8229001431D4;
			productRefGroup = 16086B09229F8229001431D4 /* Products */;
			projectDirPath = "";
			projectRoot = "";
			targets = (
				16086B07229F8229001431D4 /* SimpleTableViewController */,
				16086B1F229F822B001431D4 /* SimpleTableViewControllerTests */,
				16086B2A229F822B001431D4 /* SimpleTableViewControllerUITests */,
			);
		};
/* End PBXProject section */

/* Begin PBXResourcesBuildPhase section */
		16086B06229F8229001431D4 /* Resources */ = {
			isa = PBXResourcesBuildPhase;
			buildActionMask = 2147483647;
			files = (
				16086B18229F822B001431D4 /* LaunchScreen.storyboard in Resources */,
				16086B15229F822B001431D4 /* Assets.xcassets in Resources */,
				16086B13229F8229001431D4 /* Main.storyboard in Resources */,
			);
			runOnlyForDeploymentPostprocessing = 0;
		};
		16086B1E229F822B001431D4 /* Resources */ = {
			isa = PBXResourcesBuildPhase;
			buildActionMask = 2147483647;
			files = (
			);
			runOnlyForDeploymentPostprocessing = 0;
		};
		16086B29229F822B001431D4 /* Resources */ = {
			isa = PBXResourcesBuildPhase;
			buildActionMask = 2147483647;
			files = (
			);
			runOnlyForDeploymentPostprocessing = 0;
		};
/* End PBXResourcesBuildPhase section */

/* Begin PBXShellScriptBuildPhase section */
		5A2DF608B9066F340152D8BB /* [CP] Check Pods Manifest.lock */ = {
			isa = PBXShellScriptBuildPhase;
			buildActionMask = 2147483647;
			files = (
			);
			inputPaths = (
				"${PODS_PODFILE_DIR_PATH}/Podfile.lock",
				"${PODS_ROOT}/Manifest.lock",
			);
			name = "[CP] Check Pods Manifest.lock";
			outputPaths = (
				"$(DERIVED_FILE_DIR)/Pods-SimpleTableViewController-checkManifestLockResult.txt",
			);
			runOnlyForDeploymentPostprocessing = 0;
			shellPath = /bin/sh;
			shellScript = "diff \"${PODS_PODFILE_DIR_PATH}/Podfile.lock\" \"${PODS_ROOT}/Manifest.lock\" > /dev/null\nif [ $? != 0 ] ; then\n    # print error to STDERR\n    echo \"error: The sandbox is not in sync with the Podfile.lock. Run 'pod install' or update your CocoaPods installation.\" >&2\n    exit 1\nfi\n# This output is used by Xcode 'outputs' to avoid re-running this script phase.\necho \"SUCCESS\" > \"${SCRIPT_OUTPUT_FILE_0}\"\n";
			showEnvVarsInLog = 0;
		};
/* End PBXShellScriptBuildPhase section */

/* Begin PBXSourcesBuildPhase section */
		16086B04229F8229001431D4 /* Sources */ = {
			isa = PBXSourcesBuildPhase;
			buildActionMask = 2147483647;
			files = (
				16086B4A229F8BBB001431D4 /* MainTableViewCell.m in Sources */,
				16086B10229F8229001431D4 /* ViewController.m in Sources */,
				16086B44229F82A6001431D4 /* MainView.m in Sources */,
				16D6E39822A8B88F00ECC0D6 /* BaseTableViewCell.m in Sources */,
				16D6E39222A8B12200ECC0D6 /* UIButton+Category.m in Sources */,
				16086B1B229F822B001431D4 /* main.m in Sources */,
				16D6E39522A8B58600ECC0D6 /* MainTableContentCell.m in Sources */,
				16086B47229F86DE001431D4 /* MainViewModel.m in Sources */,
				16086B0D229F8229001431D4 /* AppDelegate.m in Sources */,
				16D6E38F22A8AC9B00ECC0D6 /* UIView+Category.m in Sources */,
				16086B4D229FA966001431D4 /* MainTableModel.m in Sources */,
			);
			runOnlyForDeploymentPostprocessing = 0;
		};
		16086B1C229F822B001431D4 /* Sources */ = {
			isa = PBXSourcesBuildPhase;
			buildActionMask = 2147483647;
			files = (
				16086B25229F822B001431D4 /* SimpleTableViewControllerTests.m in Sources */,
			);
			runOnlyForDeploymentPostprocessing = 0;
		};
		16086B27229F822B001431D4 /* Sources */ = {
			isa = PBXSourcesBuildPhase;
			buildActionMask = 2147483647;
			files = (
				16086B30229F822B001431D4 /* SimpleTableViewControllerUITests.m in Sources */,
			);
			runOnlyForDeploymentPostprocessing = 0;
		};
/* End PBXSourcesBuildPhase section */

/* Begin PBXTargetDependency section */
		16086B22229F822B001431D4 /* PBXTargetDependency */ = {
			isa = PBXTargetDependency;
			target = 16086B07229F8229001431D4 /* SimpleTableViewController */;
			targetProxy = 16086B21229F822B001431D4 /* PBXContainerItemProxy */;
		};
		16086B2D229F822B001431D4 /* PBXTargetDependency */ = {
			isa = PBXTargetDependency;
			target = 16086B07229F8229001431D4 /* SimpleTableViewController */;
			targetProxy = 16086B2C229F822B001431D4 /* PBXContainerItemProxy */;
		};
/* End PBXTargetDependency section */

/* Begin PBXVariantGroup section */
		16086B11229F8229001431D4 /* Main.storyboard */ = {
			isa = PBXVariantGroup;
			children = (
				16086B12229F8229001431D4 /* Base */,
			);
			name = Main.storyboard;
			sourceTree = "<group>";
		};
		16086B16229F822B001431D4 /* LaunchScreen.storyboard */ = {
			isa = PBXVariantGroup;
			children = (
				16086B17229F822B001431D4 /* Base */,
			);
			name = LaunchScreen.storyboard;
			sourceTree = "<group>";
		};
/* End PBXVariantGroup section */

/* Begin XCBuildConfiguration section */
		16086B32229F822B001431D4 /* Debug */ = {
			isa = XCBuildConfiguration;
			buildSettings = {
				ALWAYS_SEARCH_USER_PATHS = NO;
				CLANG_ANALYZER_NONNULL = YES;
				CLANG_ANALYZER_NUMBER_OBJECT_CONVERSION = YES_AGGRESSIVE;
				CLANG_CXX_LANGUAGE_STANDARD = "gnu++14";
				CLANG_CXX_LIBRARY = "libc++";
				CLANG_ENABLE_MODULES = YES;
				CLANG_ENABLE_OBJC_ARC = YES;
				CLANG_ENABLE_OBJC_WEAK = YES;
				CLANG_WARN_BLOCK_CAPTURE_AUTORELEASING = YES;
				CLANG_WARN_BOOL_CONVERSION = YES;
				CLANG_WARN_COMMA = YES;
				CLANG_WARN_CONSTANT_CONVERSION = YES;
				CLANG_WARN_DEPRECATED_OBJC_IMPLEMENTATIONS = YES;
				CLANG_WARN_DIRECT_OBJC_ISA_USAGE = YES_ERROR;
				CLANG_WARN_DOCUMENTATION_COMMENTS = YES;
				CLANG_WARN_EMPTY_BODY = YES;
				CLANG_WARN_ENUM_CONVERSION = YES;
				CLANG_WARN_INFINITE_RECURSION = YES;
				CLANG_WARN_INT_CONVERSION = YES;
				CLANG_WARN_NON_LITERAL_NULL_CONVERSION = YES;
				CLANG_WARN_OBJC_IMPLICIT_RETAIN_SELF = YES;
				CLANG_WARN_OBJC_LITERAL_CONVERSION = YES;
				CLANG_WARN_OBJC_ROOT_CLASS = YES_ERROR;
				CLANG_WARN_RANGE_LOOP_ANALYSIS = YES;
				CLANG_WARN_STRICT_PROTOTYPES = YES;
				CLANG_WARN_SUSPICIOUS_MOVE = YES;
				CLANG_WARN_UNGUARDED_AVAILABILITY = YES_AGGRESSIVE;
				CLANG_WARN_UNREACHABLE_CODE = YES;
				CLANG_WARN__DUPLICATE_METHOD_MATCH = YES;
				CODE_SIGN_IDENTITY = "iPhone Developer";
				COPY_PHASE_STRIP = NO;
				DEBUG_INFORMATION_FORMAT = dwarf;
				ENABLE_STRICT_OBJC_MSGSEND = YES;
				ENABLE_TESTABILITY = YES;
				GCC_C_LANGUAGE_STANDARD = gnu11;
				GCC_DYNAMIC_NO_PIC = NO;
				GCC_NO_COMMON_BLOCKS = YES;
				GCC_OPTIMIZATION_LEVEL = 0;
				GCC_PREPROCESSOR_DEFINITIONS = (
					"DEBUG=1",
					"$(inherited)",
				);
				GCC_WARN_64_TO_32_BIT_CONVERSION = YES;
				GCC_WARN_ABOUT_RETURN_TYPE = YES_ERROR;
				GCC_WARN_UNDECLARED_SELECTOR = YES;
				GCC_WARN_UNINITIALIZED_AUTOS = YES_AGGRESSIVE;
				GCC_WARN_UNUSED_FUNCTION = YES;
				GCC_WARN_UNUSED_VARIABLE = YES;
				IPHONEOS_DEPLOYMENT_TARGET = 12.2;
				MTL_ENABLE_DEBUG_INFO = INCLUDE_SOURCE;
				MTL_FAST_MATH = YES;
				ONLY_ACTIVE_ARCH = YES;
				SDKROOT = iphoneos;
			};
			name = Debug;
		};
		16086B33229F822B001431D4 /* Release */ = {
			isa = XCBuildConfiguration;
			buildSettings = {
				ALWAYS_SEARCH_USER_PATHS = NO;
				CLANG_ANALYZER_NONNULL = YES;
				CLANG_ANALYZER_NUMBER_OBJECT_CONVERSION = YES_AGGRESSIVE;
				CLANG_CXX_LANGUAGE_STANDARD = "gnu++14";
				CLANG_CXX_LIBRARY = "libc++";
				CLANG_ENABLE_MODULES = YES;
				CLANG_ENABLE_OBJC_ARC = YES;
				CLANG_ENABLE_OBJC_WEAK = YES;
				CLANG_WARN_BLOCK_CAPTURE_AUTORELEASING = YES;
				CLANG_WARN_BOOL_CONVERSION = YES;
				CLANG_WARN_COMMA = YES;
				CLANG_WARN_CONSTANT_CONVERSION = YES;
				CLANG_WARN_DEPRECATED_OBJC_IMPLEMENTATIONS = YES;
				CLANG_WARN_DIRECT_OBJC_ISA_USAGE = YES_ERROR;
				CLANG_WARN_DOCUMENTATION_COMMENTS = YES;
				CLANG_WARN_EMPTY_BODY = YES;
				CLANG_WARN_ENUM_CONVERSION = YES;
				CLANG_WARN_INFINITE_RECURSION = YES;
				CLANG_WARN_INT_CONVERSION = YES;
				CLANG_WARN_NON_LITERAL_NULL_CONVERSION = YES;
				CLANG_WARN_OBJC_IMPLICIT_RETAIN_SELF = YES;
				CLANG_WARN_OBJC_LITERAL_CONVERSION = YES;
				CLANG_WARN_OBJC_ROOT_CLASS = YES_ERROR;
				CLANG_WARN_RANGE_LOOP_ANALYSIS = YES;
				CLANG_WARN_STRICT_PROTOTYPES = YES;
				CLANG_WARN_SUSPICIOUS_MOVE = YES;
				CLANG_WARN_UNGUARDED_AVAILABILITY = YES_AGGRESSIVE;
				CLANG_WARN_UNREACHABLE_CODE = YES;
				CLANG_WARN__DUPLICATE_METHOD_MATCH = YES;
				CODE_SIGN_IDENTITY = "iPhone Developer";
				COPY_PHASE_STRIP = NO;
				DEBUG_INFORMATION_FORMAT = "dwarf-with-dsym";
				ENABLE_NS_ASSERTIONS = NO;
				ENABLE_STRICT_OBJC_MSGSEND = YES;
				GCC_C_LANGUAGE_STANDARD = gnu11;
				GCC_NO_COMMON_BLOCKS = YES;
				GCC_WARN_64_TO_32_BIT_CONVERSION = YES;
				GCC_WARN_ABOUT_RETURN_TYPE = YES_ERROR;
				GCC_WARN_UNDECLARED_SELECTOR = YES;
				GCC_WARN_UNINITIALIZED_AUTOS = YES_AGGRESSIVE;
				GCC_WARN_UNUSED_FUNCTION = YES;
				GCC_WARN_UNUSED_VARIABLE = YES;
				IPHONEOS_DEPLOYMENT_TARGET = 12.2;
				MTL_ENABLE_DEBUG_INFO = NO;
				MTL_FAST_MATH = YES;
				SDKROOT = iphoneos;
				VALIDATE_PRODUCT = YES;
			};
			name = Release;
		};
		16086B35229F822B001431D4 /* Debug */ = {
			isa = XCBuildConfiguration;
			baseConfigurationReference = 6C4668E1EC5E74C1348E88D4 /* Pods-SimpleTableViewController.debug.xcconfig */;
			buildSettings = {
				ASSETCATALOG_COMPILER_APPICON_NAME = AppIcon;
				CODE_SIGN_STYLE = Automatic;
				GCC_PREFIX_HEADER = "$(SRCROOT)/SimpleTableViewController/Main/PrefixHeader.pch";
				INFOPLIST_FILE = SimpleTableViewController/Info.plist;
				LD_RUNPATH_SEARCH_PATHS = (
					"$(inherited)",
					"@executable_path/Frameworks",
				);
				PRODUCT_BUNDLE_IDENTIFIER = WZY.SimpleTableViewController;
				PRODUCT_NAME = "$(TARGET_NAME)";
				TARGETED_DEVICE_FAMILY = "1,2";
			};
			name = Debug;
		};
		16086B36229F822B001431D4 /* Release */ = {
			isa = XCBuildConfiguration;
			baseConfigurationReference = A0603C058A3F2322F402E821 /* Pods-SimpleTableViewController.release.xcconfig */;
			buildSettings = {
				ASSETCATALOG_COMPILER_APPICON_NAME = AppIcon;
				CODE_SIGN_STYLE = Automatic;
				GCC_PREFIX_HEADER = "$(SRCROOT)/SimpleTableViewController/Main/PrefixHeader.pch";
				INFOPLIST_FILE = SimpleTableViewController/Info.plist;
				LD_RUNPATH_SEARCH_PATHS = (
					"$(inherited)",
					"@executable_path/Frameworks",
				);
				PRODUCT_BUNDLE_IDENTIFIER = WZY.SimpleTableViewController;
				PRODUCT_NAME = "$(TARGET_NAME)";
				TARGETED_DEVICE_FAMILY = "1,2";
			};
			name = Release;
		};
		16086B38229F822B001431D4 /* Debug */ = {
			isa = XCBuildConfiguration;
			buildSettings = {
				BUNDLE_LOADER = "$(TEST_HOST)";
				CODE_SIGN_STYLE = Automatic;
				INFOPLIST_FILE = SimpleTableViewControllerTests/Info.plist;
				LD_RUNPATH_SEARCH_PATHS = (
					"$(inherited)",
					"@executable_path/Frameworks",
					"@loader_path/Frameworks",
				);
				PRODUCT_BUNDLE_IDENTIFIER = WZY.SimpleTableViewControllerTests;
				PRODUCT_NAME = "$(TARGET_NAME)";
				TARGETED_DEVICE_FAMILY = "1,2";
				TEST_HOST = "$(BUILT_PRODUCTS_DIR)/SimpleTableViewController.app/SimpleTableViewController";
			};
			name = Debug;
		};
		16086B39229F822B001431D4 /* Release */ = {
			isa = XCBuildConfiguration;
			buildSettings = {
				BUNDLE_LOADER = "$(TEST_HOST)";
				CODE_SIGN_STYLE = Automatic;
				INFOPLIST_FILE = SimpleTableViewControllerTests/Info.plist;
				LD_RUNPATH_SEARCH_PATHS = (
					"$(inherited)",
					"@executable_path/Frameworks",
					"@loader_path/Frameworks",
				);
				PRODUCT_BUNDLE_IDENTIFIER = WZY.SimpleTableViewControllerTests;
				PRODUCT_NAME = "$(TARGET_NAME)";
				TARGETED_DEVICE_FAMILY = "1,2";
				TEST_HOST = "$(BUILT_PRODUCTS_DIR)/SimpleTableViewController.app/SimpleTableViewController";
			};
			name = Release;
		};
		16086B3B229F822B001431D4 /* Debug */ = {
			isa = XCBuildConfiguration;
			buildSettings = {
				CODE_SIGN_STYLE = Automatic;
				INFOPLIST_FILE = SimpleTableViewControllerUITests/Info.plist;
				LD_RUNPATH_SEARCH_PATHS = (
					"$(inherited)",
					"@executable_path/Frameworks",
					"@loader_path/Frameworks",
				);
				PRODUCT_BUNDLE_IDENTIFIER = WZY.SimpleTableViewControllerUITests;
				PRODUCT_NAME = "$(TARGET_NAME)";
				TARGETED_DEVICE_FAMILY = "1,2";
				TEST_TARGET_NAME = SimpleTableViewController;
			};
			name = Debug;
		};
		16086B3C229F822B001431D4 /* Release */ = {
			isa = XCBuildConfiguration;
			buildSettings = {
				CODE_SIGN_STYLE = Automatic;
				INFOPLIST_FILE = SimpleTableViewControllerUITests/Info.plist;
				LD_RUNPATH_SEARCH_PATHS = (
					"$(inherited)",
					"@executable_path/Frameworks",
					"@loader_path/Frameworks",
				);
				PRODUCT_BUNDLE_IDENTIFIER = WZY.SimpleTableViewControllerUITests;
				PRODUCT_NAME = "$(TARGET_NAME)";
				TARGETED_DEVICE_FAMILY = "1,2";
				TEST_TARGET_NAME = SimpleTableViewController;
			};
			name = Release;
		};
/* End XCBuildConfiguration section */

/* Begin XCConfigurationList section */
		16086B03229F8229001431D4 /* Build configuration list for PBXProject "SimpleTableViewController" */ = {
			isa = XCConfigurationList;
			buildConfigurations = (
				16086B32229F822B001431D4 /* Debug */,
				16086B33229F822B001431D4 /* Release */,
			);
			defaultConfigurationIsVisible = 0;
			defaultConfigurationName = Release;
		};
		16086B34229F822B001431D4 /* Build configuration list for PBXNativeTarget "SimpleTableViewController" */ = {
			isa = XCConfigurationList;
			buildConfigurations = (
				16086B35229F822B001431D4 /* Debug */,
				16086B36229F822B001431D4 /* Release */,
			);
			defaultConfigurationIsVisible = 0;
			defaultConfigurationName = Release;
		};
		16086B37229F822B001431D4 /* Build configuration list for PBXNativeTarget "SimpleTableViewControllerTests" */ = {
			isa = XCConfigurationList;
			buildConfigurations = (
				16086B38229F822B001431D4 /* Debug */,
				16086B39229F822B001431D4 /* Release */,
			);
			defaultConfigurationIsVisible = 0;
			defaultConfigurationName = Release;
		};
		16086B3A229F822B001431D4 /* Build configuration list for PBXNativeTarget "SimpleTableViewControllerUITests" */ = {
			isa = XCConfigurationList;
			buildConfigurations = (
				16086B3B229F822B001431D4 /* Debug */,
				16086B3C229F822B001431D4 /* Release */,
			);
			defaultConfigurationIsVisible = 0;
			defaultConfigurationName = Release;
		};
/* End XCConfigurationList section */
	};
	rootObject = 16086B00229F8229001431D4 /* Project object */;
}
